{
  "version": 4,
  "terraform_version": "1.0.11",
  "serial": 285,
  "lineage": "45aee92c-ad6b-0264-79af-33a7cded6813",
  "outputs": {},
  "resources": [
    {
      "module": "module.patch",
      "mode": "data",
      "type": "aws_caller_identity",
      "name": "current",
      "provider": "provider[\"registry.terraform.io/hashicorp/aws\"]",
      "instances": [
        {
          "schema_version": 0,
          "attributes": {
            "account_id": "657046752164",
            "arn": "arn:aws:iam::657046752164:user/cdkaccess",
            "id": "657046752164",
            "user_id": "AIDAZR6YJZOSLZ4W5MIKO"
          },
          "sensitive_attributes": []
        }
      ]
    },
    {
      "module": "module.patch",
      "mode": "managed",
      "type": "aws_s3_bucket",
      "name": "patch_bucket-script",
      "provider": "provider[\"registry.terraform.io/hashicorp/aws\"]",
      "instances": [
        {
          "schema_version": 0,
          "attributes": {
            "acceleration_status": "",
            "acl": "private",
            "arn": "arn:aws:s3:::non-prod-657046752164-patch-scripts-bucket",
            "bucket": "non-prod-657046752164-patch-scripts-bucket",
            "bucket_domain_name": "non-prod-657046752164-patch-scripts-bucket.s3.amazonaws.com",
            "bucket_prefix": null,
            "bucket_regional_domain_name": "non-prod-657046752164-patch-scripts-bucket.s3.amazonaws.com",
            "cors_rule": [],
            "force_destroy": false,
            "grant": [],
            "hosted_zone_id": "Z3AQBSTGFYJSTF",
            "id": "non-prod-657046752164-patch-scripts-bucket",
            "lifecycle_rule": [],
            "logging": [],
            "object_lock_configuration": [],
            "policy": null,
            "region": "us-east-1",
            "replication_configuration": [],
            "request_payer": "BucketOwner",
            "server_side_encryption_configuration": [
              {
                "rule": [
                  {
                    "apply_server_side_encryption_by_default": [
                      {
                        "kms_master_key_id": "",
                        "sse_algorithm": "AES256"
                      }
                    ],
                    "bucket_key_enabled": false
                  }
                ]
              }
            ],
            "tags": {
              "Application-name": "OS Patch Pipeline",
              "AutomationType": "terraform",
              "Environment": "dev"
            },
            "tags_all": {
              "Application-name": "OS Patch Pipeline",
              "AutomationType": "terraform",
              "Environment": "dev"
            },
            "versioning": [
              {
                "enabled": true,
                "mfa_delete": false
              }
            ],
            "website": [],
            "website_domain": null,
            "website_endpoint": null
          },
          "sensitive_attributes": [],
          "private": "bnVsbA==",
          "dependencies": [
            "module.patch.data.aws_caller_identity.current"
          ]
        }
      ]
    }
  ]
}
